
Microsoft Visual Studio Solution File, Format Version 12.00
# Visual Studio Version 17
VisualStudioVersion = 17.4.33205.214
MinimumVisualStudioVersion = 10.0.40219.1
Project("{FAE04EC0-301F-11D3-BF4B-00C04F79EFBC}") = "Aleksejev_Xamarin.Android", "Aleksejev_Xamarin\Aleksejev_Xamarin.Android\Aleksejev_Xamarin.Android.csproj", "{2E84054E-681F-4510-A31E-CABE79BA3BF1}"
EndProject
Project("{FAE04EC0-301F-11D3-BF4B-00C04F79EFBC}") = "Aleksejev_Xamarin", "Aleksejev_Xamarin\Aleksejev_Xamarin\Aleksejev_Xamarin.csproj", "{0BEB6120-9E63-4270-ACE9-FC9C1CF02FF8}"
EndProject
Global
	GlobalSection(SolutionConfigurationPlatforms) = preSolution
		Debug|Any CPU = Debug|Any CPU
		Release|Any CPU = Release|Any CPU
	EndGlobalSection
	GlobalSection(ProjectConfigurationPlatforms) = postSolution
		{2E84054E-681F-4510-A31E-CABE79BA3BF1}.Debug|Any CPU.ActiveCfg = Debug|Any CPU
		{2E84054E-681F-4510-A31E-CABE79BA3BF1}.Debug|Any CPU.Build.0 = Debug|Any CPU
		{2E84054E-681F-4510-A31E-CABE79BA3BF1}.Debug|Any CPU.Deploy.0 = Debug|Any CPU
		{2E84054E-681F-4510-A31E-CABE79BA3BF1}.Release|Any CPU.ActiveCfg = Release|Any CPU
		{2E84054E-681F-4510-A31E-CABE79BA3BF1}.Release|Any CPU.Build.0 = Release|Any CPU
		{2E84054E-681F-4510-A31E-CABE79BA3BF1}.Release|Any CPU.Deploy.0 = Release|Any CPU
		{0BEB6120-9E63-4270-ACE9-FC9C1CF02FF8}.Debug|Any CPU.ActiveCfg = Debug|Any CPU
		{0BEB6120-9E63-4270-ACE9-FC9C1CF02FF8}.Debug|Any CPU.Build.0 = Debug|Any CPU
		{0BEB6120-9E63-4270-ACE9-FC9C1CF02FF8}.Debug|Any CPU.Deploy.0 = Debug|Any CPU
		{0BEB6120-9E63-4270-ACE9-FC9C1CF02FF8}.Release|Any CPU.ActiveCfg = Release|Any CPU
		{0BEB6120-9E63-4270-ACE9-FC9C1CF02FF8}.Release|Any CPU.Build.0 = Release|Any CPU
		{0BEB6120-9E63-4270-ACE9-FC9C1CF02FF8}.Release|Any CPU.Deploy.0 = Release|Any CPU
	EndGlobalSection
	GlobalSection(SolutionProperties) = preSolution
		HideSolutionNode = FALSE
	EndGlobalSection
	GlobalSection(ExtensibilityGlobals) = postSolution
		SolutionGuid = {36666015-A08B-4512-B9AF-C236E456206D}
	EndGlobalSection
EndGlobal
